// !$*UTF8*$!
{
	archiveVersion = 1;
	classes = {
	};
	objectVersion = 56;
	objects = {

/* Begin PBXBuildFile section */
		70512CA629343ED4005072EC /* AppDelegate.swift in Sources */ = {isa = PBXBuildFile; fileRef = 70512CA529343ED4005072EC /* AppDelegate.swift */; };
		70512CA829343ED4005072EC /* SceneDelegate.swift in Sources */ = {isa = PBXBuildFile; fileRef = 70512CA729343ED4005072EC /* SceneDelegate.swift */; };
		70512CAD29343ED4005072EC /* Main.storyboard in Resources */ = {isa = PBXBuildFile; fileRef = 70512CAB29343ED4005072EC /* Main.storyboard */; };
		70512CAF29343ED5005072EC /* Assets.xcassets in Resources */ = {isa = PBXBuildFile; fileRef = 70512CAE29343ED5005072EC /* Assets.xcassets */; };
		70512CB229343ED5005072EC /* LaunchScreen.storyboard in Resources */ = {isa = PBXBuildFile; fileRef = 70512CB029343ED5005072EC /* LaunchScreen.storyboard */; };
		70512CBE29344367005072EC /* OnboardingViewController.swift in Sources */ = {isa = PBXBuildFile; fileRef = 70512CBD29344367005072EC /* OnboardingViewController.swift */; };
		70512CC129344777005072EC /* UIView+Extension.swift in Sources */ = {isa = PBXBuildFile; fileRef = 70512CC029344777005072EC /* UIView+Extension.swift */; };
		70512CC329344997005072EC /* OnboardingSlide.swift in Sources */ = {isa = PBXBuildFile; fileRef = 70512CC229344997005072EC /* OnboardingSlide.swift */; };
		70512CC529344C3D005072EC /* OnboardingCollectionViewCell.swift in Sources */ = {isa = PBXBuildFile; fileRef = 70512CC429344C3D005072EC /* OnboardingCollectionViewCell.swift */; };
/* End PBXBuildFile section */

/* Begin PBXFileReference section */
		70512CA229343ED4005072EC /* OnTheGo.app */ = {isa = PBXFileReference; explicitFileType = wrapper.application; includeInIndex = 0; path = OnTheGo.app; sourceTree = BUILT_PRODUCTS_DIR; };
		70512CA529343ED4005072EC /* AppDelegate.swift */ = {isa = PBXFileReference; lastKnownFileType = sourcecode.swift; path = AppDelegate.swift; sourceTree = "<group>"; };
		70512CA729343ED4005072EC /* SceneDelegate.swift */ = {isa = PBXFileReference; lastKnownFileType = sourcecode.swift; path = SceneDelegate.swift; sourceTree = "<group>"; };
		70512CAC29343ED4005072EC /* Base */ = {isa = PBXFileReference; lastKnownFileType = file.storyboard; name = Base; path = Base.lproj/Main.storyboard; sourceTree = "<group>"; };
		70512CAE29343ED5005072EC /* Assets.xcassets */ = {isa = PBXFileReference; lastKnownFileType = folder.assetcatalog; path = Assets.xcassets; sourceTree = "<group>"; };
		70512CB129343ED5005072EC /* Base */ = {isa = PBXFileReference; lastKnownFileType = file.storyboard; name = Base; path = Base.lproj/LaunchScreen.storyboard; sourceTree = "<group>"; };
		70512CB329343ED5005072EC /* Info.plist */ = {isa = PBXFileReference; lastKnownFileType = text.plist.xml; path = Info.plist; sourceTree = "<group>"; };
		70512CBD29344367005072EC /* OnboardingViewController.swift */ = {isa = PBXFileReference; lastKnownFileType = sourcecode.swift; path = OnboardingViewController.swift; sourceTree = "<group>"; };
		70512CC029344777005072EC /* UIView+Extension.swift */ = {isa = PBXFileReference; lastKnownFileType = sourcecode.swift; path = "UIView+Extension.swift"; sourceTree = "<group>"; };
		70512CC229344997005072EC /* OnboardingSlide.swift */ = {isa = PBXFileReference; lastKnownFileType = sourcecode.swift; path = OnboardingSlide.swift; sourceTree = "<group>"; };
		70512CC429344C3D005072EC /* OnboardingCollectionViewCell.swift */ = {isa = PBXFileReference; lastKnownFileType = sourcecode.swift; path = OnboardingCollectionViewCell.swift; sourceTree = "<group>"; };
/* End PBXFileReference section */

/* Begin PBXFrameworksBuildPhase section */
		70512C9F29343ED4005072EC /* Frameworks */ = {
			isa = PBXFrameworksBuildPhase;
			buildActionMask = 2147483647;
			files = (
			);
			runOnlyForDeploymentPostprocessing = 0;
		};
/* End PBXFrameworksBuildPhase section */

/* Begin PBXGroup section */
		70512C9929343ED4005072EC = {
			isa = PBXGroup;
			children = (
				70512CA429343ED4005072EC /* OnTheGo */,
				70512CA329343ED4005072EC /* Products */,
			);
			sourceTree = "<group>";
		};
		70512CA329343ED4005072EC /* Products */ = {
			isa = PBXGroup;
			children = (
				70512CA229343ED4005072EC /* OnTheGo.app */,
			);
			name = Products;
			sourceTree = "<group>";
		};
		70512CA429343ED4005072EC /* OnTheGo */ = {
			isa = PBXGroup;
			children = (
				70512CBF29344761005072EC /* Extensions */,
				70512CBB2934432A005072EC /* CustomViews */,
				70512CBA29344322005072EC /* Models */,
				70512CB929344319005072EC /* Views */,
				70512CA529343ED4005072EC /* AppDelegate.swift */,
				70512CA729343ED4005072EC /* SceneDelegate.swift */,
				70512CAB29343ED4005072EC /* Main.storyboard */,
				70512CAE29343ED5005072EC /* Assets.xcassets */,
				70512CB029343ED5005072EC /* LaunchScreen.storyboard */,
				70512CB329343ED5005072EC /* Info.plist */,
			);
			path = OnTheGo;
			sourceTree = "<group>";
		};
		70512CB929344319005072EC /* Views */ = {
			isa = PBXGroup;
			children = (
				70512CBC29344333005072EC /* Onboarding */,
			);
			path = Views;
			sourceTree = "<group>";
		};
		70512CBA29344322005072EC /* Models */ = {
			isa = PBXGroup;
			children = (
				70512CC229344997005072EC /* OnboardingSlide.swift */,
			);
			path = Models;
			sourceTree = "<group>";
		};
		70512CBB2934432A005072EC /* CustomViews */ = {
			isa = PBXGroup;
			children = (
			);
			path = CustomViews;
			sourceTree = "<group>";
		};
		70512CBC29344333005072EC /* Onboarding */ = {
			isa = PBXGroup;
			children = (
				70512CBD29344367005072EC /* OnboardingViewController.swift */,
				70512CC429344C3D005072EC /* OnboardingCollectionViewCell.swift */,
			);
			path = Onboarding;
			sourceTree = "<group>";
		};
		70512CBF29344761005072EC /* Extensions */ = {
			isa = PBXGroup;
			children = (
				70512CC029344777005072EC /* UIView+Extension.swift */,
			);
			path = Extensions;
			sourceTree = "<group>";
		};
/* End PBXGroup section */

/* Begin PBXNativeTarget section */
		70512CA129343ED4005072EC /* OnTheGo */ = {
			isa = PBXNativeTarget;
			buildConfigurationList = 70512CB629343ED5005072EC /* Build configuration list for PBXNativeTarget "OnTheGo" */;
			buildPhases = (
				70512C9E29343ED4005072EC /* Sources */,
				70512C9F29343ED4005072EC /* Frameworks */,
				70512CA029343ED4005072EC /* Resources */,
			);
			buildRules = (
			);
			dependencies = (
			);
			name = OnTheGo;
			productName = OnTheGo;
			productReference = 70512CA229343ED4005072EC /* OnTheGo.app */;
			productType = "com.apple.product-type.application";
		};
/* End PBXNativeTarget section */

/* Begin PBXProject section */
		70512C9A29343ED4005072EC /* Project object */ = {
			isa = PBXProject;
			attributes = {
				BuildIndependentTargetsInParallel = 1;
				LastSwiftUpdateCheck = 1410;
				LastUpgradeCheck = 1410;
				TargetAttributes = {
					70512CA129343ED4005072EC = {
						CreatedOnToolsVersion = 14.1;
					};
				};
			};
			buildConfigurationList = 70512C9D29343ED4005072EC /* Build configuration list for PBXProject "OnTheGo" */;
			compatibilityVersion = "Xcode 14.0";
			developmentRegion = en;
			hasScannedForEncodings = 0;
			knownRegions = (
				en,
				Base,
			);
			mainGroup = 70512C9929343ED4005072EC;
			productRefGroup = 70512CA329343ED4005072EC /* Products */;
			projectDirPath = "";
			projectRoot = "";
			targets = (
				70512CA129343ED4005072EC /* OnTheGo */,
			);
		};
/* End PBXProject section */

/* Begin PBXResourcesBuildPhase section */
		70512CA029343ED4005072EC /* Resources */ = {
			isa = PBXResourcesBuildPhase;
			buildActionMask = 2147483647;
			files = (
				70512CB229343ED5005072EC /* LaunchScreen.storyboard in Resources */,
				70512CAF29343ED5005072EC /* Assets.xcassets in Resources */,
				70512CAD29343ED4005072EC /* Main.storyboard in Resources */,
			);
			runOnlyForDeploymentPostprocessing = 0;
		};
/* End PBXResourcesBuildPhase section */

/* Begin PBXSourcesBuildPhase section */
		70512C9E29343ED4005072EC /* Sources */ = {
			isa = PBXSourcesBuildPhase;
			buildActionMask = 2147483647;
			files = (
				70512CC329344997005072EC /* OnboardingSlide.swift in Sources */,
				70512CA629343ED4005072EC /* AppDelegate.swift in Sources */,
				70512CA829343ED4005072EC /* SceneDelegate.swift in Sources */,
				70512CC129344777005072EC /* UIView+Extension.swift in Sources */,
				70512CBE29344367005072EC /* OnboardingViewController.swift in Sources */,
				70512CC529344C3D005072EC /* OnboardingCollectionViewCell.swift in Sources */,
			);
			runOnlyForDeploymentPostprocessing = 0;
		};
/* End PBXSourcesBuildPhase section */

/* Begin PBXVariantGroup section */
		70512CAB29343ED4005072EC /* Main.storyboard */ = {
			isa = PBXVariantGroup;
			children = (
				70512CAC29343ED4005072EC /* Base */,
			);
			name = Main.storyboard;
			sourceTree = "<group>";
		};
		70512CB029343ED5005072EC /* LaunchScreen.storyboard */ = {
			isa = PBXVariantGroup;
			children = (
				70512CB129343ED5005072EC /* Base */,
			);
			name = LaunchScreen.storyboard;
			sourceTree = "<group>";
		};
/* End PBXVariantGroup section */

/* Begin XCBuildConfiguration section */
		70512CB429343ED5005072EC /* Debug */ = {
			isa = XCBuildConfiguration;
			buildSettings = {
				ALWAYS_SEARCH_USER_PATHS = NO;
				CLANG_ANALYZER_NONNULL = YES;
				CLANG_ANALYZER_NUMBER_OBJECT_CONVERSION = YES_AGGRESSIVE;
				CLANG_CXX_LANGUAGE_STANDARD = "gnu++20";
				CLANG_ENABLE_MODULES = YES;
				CLANG_ENABLE_OBJC_ARC = YES;
				CLANG_ENABLE_OBJC_WEAK = YES;
				CLANG_WARN_BLOCK_CAPTURE_AUTORELEASING = YES;
				CLANG_WARN_BOOL_CONVERSION = YES;
				CLANG_WARN_COMMA = YES;
				CLANG_WARN_CONSTANT_CONVERSION = YES;
				CLANG_WARN_DEPRECATED_OBJC_IMPLEMENTATIONS = YES;
				CLANG_WARN_DIRECT_OBJC_ISA_USAGE = YES_ERROR;
				CLANG_WARN_DOCUMENTATION_COMMENTS = YES;
				CLANG_WARN_EMPTY_BODY = YES;
				CLANG_WARN_ENUM_CONVERSION = YES;
				CLANG_WARN_INFINITE_RECURSION = YES;
				CLANG_WARN_INT_CONVERSION = YES;
				CLANG_WARN_NON_LITERAL_NULL_CONVERSION = YES;
				CLANG_WARN_OBJC_IMPLICIT_RETAIN_SELF = YES;
				CLANG_WARN_OBJC_LITERAL_CONVERSION = YES;
				CLANG_WARN_OBJC_ROOT_CLASS = YES_ERROR;
				CLANG_WARN_QUOTED_INCLUDE_IN_FRAMEWORK_HEADER = YES;
				CLANG_WARN_RANGE_LOOP_ANALYSIS = YES;
				CLANG_WARN_STRICT_PROTOTYPES = YES;
				CLANG_WARN_SUSPICIOUS_MOVE = YES;
				CLANG_WARN_UNGUARDED_AVAILABILITY = YES_AGGRESSIVE;
				CLANG_WARN_UNREACHABLE_CODE = YES;
				CLANG_WARN__DUPLICATE_METHOD_MATCH = YES;
				COPY_PHASE_STRIP = NO;
				DEBUG_INFORMATION_FORMAT = dwarf;
				ENABLE_STRICT_OBJC_MSGSEND = YES;
				ENABLE_TESTABILITY = YES;
				GCC_C_LANGUAGE_STANDARD = gnu11;
				GCC_DYNAMIC_NO_PIC = NO;
				GCC_NO_COMMON_BLOCKS = YES;
				GCC_OPTIMIZATION_LEVEL = 0;
				GCC_PREPROCESSOR_DEFINITIONS = (
					"DEBUG=1",
					"$(inherited)",
				);
				GCC_WARN_64_TO_32_BIT_CONVERSION = YES;
				GCC_WARN_ABOUT_RETURN_TYPE = YES_ERROR;
				GCC_WARN_UNDECLARED_SELECTOR = YES;
				GCC_WARN_UNINITIALIZED_AUTOS = YES_AGGRESSIVE;
				GCC_WARN_UNUSED_FUNCTION = YES;
				GCC_WARN_UNUSED_VARIABLE = YES;
				IPHONEOS_DEPLOYMENT_TARGET = 16.1;
				MTL_ENABLE_DEBUG_INFO = INCLUDE_SOURCE;
				MTL_FAST_MATH = YES;
				ONLY_ACTIVE_ARCH = YES;
				SDKROOT = iphoneos;
				SWIFT_ACTIVE_COMPILATION_CONDITIONS = DEBUG;
				SWIFT_OPTIMIZATION_LEVEL = "-Onone";
			};
			name = Debug;
		};
		70512CB529343ED5005072EC /* Release */ = {
			isa = XCBuildConfiguration;
			buildSettings = {
				ALWAYS_SEARCH_USER_PATHS = NO;
				CLANG_ANALYZER_NONNULL = YES;
				CLANG_ANALYZER_NUMBER_OBJECT_CONVERSION = YES_AGGRESSIVE;
				CLANG_CXX_LANGUAGE_STANDARD = "gnu++20";
				CLANG_ENABLE_MODULES = YES;
				CLANG_ENABLE_OBJC_ARC = YES;
				CLANG_ENABLE_OBJC_WEAK = YES;
				CLANG_WARN_BLOCK_CAPTURE_AUTORELEASING = YES;
				CLANG_WARN_BOOL_CONVERSION = YES;
				CLANG_WARN_COMMA = YES;
				CLANG_WARN_CONSTANT_CONVERSION = YES;
				CLANG_WARN_DEPRECATED_OBJC_IMPLEMENTATIONS = YES;
				CLANG_WARN_DIRECT_OBJC_ISA_USAGE = YES_ERROR;
				CLANG_WARN_DOCUMENTATION_COMMENTS = YES;
				CLANG_WARN_EMPTY_BODY = YES;
				CLANG_WARN_ENUM_CONVERSION = YES;
				CLANG_WARN_INFINITE_RECURSION = YES;
				CLANG_WARN_INT_CONVERSION = YES;
				CLANG_WARN_NON_LITERAL_NULL_CONVERSION = YES;
				CLANG_WARN_OBJC_IMPLICIT_RETAIN_SELF = YES;
				CLANG_WARN_OBJC_LITERAL_CONVERSION = YES;
				CLANG_WARN_OBJC_ROOT_CLASS = YES_ERROR;
				CLANG_WARN_QUOTED_INCLUDE_IN_FRAMEWORK_HEADER = YES;
				CLANG_WARN_RANGE_LOOP_ANALYSIS = YES;
				CLANG_WARN_STRICT_PROTOTYPES = YES;
				CLANG_WARN_SUSPICIOUS_MOVE = YES;
				CLANG_WARN_UNGUARDED_AVAILABILITY = YES_AGGRESSIVE;
				CLANG_WARN_UNREACHABLE_CODE = YES;
				CLANG_WARN__DUPLICATE_METHOD_MATCH = YES;
				COPY_PHASE_STRIP = NO;
				DEBUG_INFORMATION_FORMAT = "dwarf-with-dsym";
				ENABLE_NS_ASSERTIONS = NO;
				ENABLE_STRICT_OBJC_MSGSEND = YES;
				GCC_C_LANGUAGE_STANDARD = gnu11;
				GCC_NO_COMMON_BLOCKS = YES;
				GCC_WARN_64_TO_32_BIT_CONVERSION = YES;
				GCC_WARN_ABOUT_RETURN_TYPE = YES_ERROR;
				GCC_WARN_UNDECLARED_SELECTOR = YES;
				GCC_WARN_UNINITIALIZED_AUTOS = YES_AGGRESSIVE;
				GCC_WARN_UNUSED_FUNCTION = YES;
				GCC_WARN_UNUSED_VARIABLE = YES;
				IPHONEOS_DEPLOYMENT_TARGET = 16.1;
				MTL_ENABLE_DEBUG_INFO = NO;
				MTL_FAST_MATH = YES;
				SDKROOT = iphoneos;
				SWIFT_COMPILATION_MODE = wholemodule;
				SWIFT_OPTIMIZATION_LEVEL = "-O";
				VALIDATE_PRODUCT = YES;
			};
			name = Release;
		};
		70512CB729343ED5005072EC /* Debug */ = {
			isa = XCBuildConfiguration;
			buildSettings = {
				ASSETCATALOG_COMPILER_APPICON_NAME = AppIcon;
				ASSETCATALOG_COMPILER_GLOBAL_ACCENT_COLOR_NAME = AccentColor;
				CODE_SIGN_STYLE = Automatic;
				CURRENT_PROJECT_VERSION = 1;
				DEVELOPMENT_TEAM = S28M6555LX;
				GENERATE_INFOPLIST_FILE = YES;
				INFOPLIST_FILE = OnTheGo/Info.plist;
				INFOPLIST_KEY_UIApplicationSupportsIndirectInputEvents = YES;
				INFOPLIST_KEY_UILaunchStoryboardName = LaunchScreen;
				INFOPLIST_KEY_UIMainStoryboardFile = Main;
				INFOPLIST_KEY_UISupportedInterfaceOrientations_iPad = "UIInterfaceOrientationPortrait UIInterfaceOrientationPortraitUpsideDown UIInterfaceOrientationLandscapeLeft UIInterfaceOrientationLandscapeRight";
				INFOPLIST_KEY_UISupportedInterfaceOrientations_iPhone = "UIInterfaceOrientationPortrait UIInterfaceOrientationLandscapeLeft UIInterfaceOrientationLandscapeRight";
				LD_RUNPATH_SEARCH_PATHS = (
					"$(inherited)",
					"@executable_path/Frameworks",
				);
				MARKETING_VERSION = 1.0;
				PRODUCT_BUNDLE_IDENTIFIER = com.lugtheslug.OnTheGo;
				PRODUCT_NAME = "$(TARGET_NAME)";
				SWIFT_EMIT_LOC_STRINGS = YES;
				SWIFT_VERSION = 5.0;
				TARGETED_DEVICE_FAMILY = "1,2";
			};
			name = Debug;
		};
		70512CB829343ED5005072EC /* Release */ = {
			isa = XCBuildConfiguration;
			buildSettings = {
				ASSETCATALOG_COMPILER_APPICON_NAME = AppIcon;
				ASSETCATALOG_COMPILER_GLOBAL_ACCENT_COLOR_NAME = AccentColor;
				CODE_SIGN_STYLE = Automatic;
				CURRENT_PROJECT_VERSION = 1;
				DEVELOPMENT_TEAM = S28M6555LX;
				GENERATE_INFOPLIST_FILE = YES;
				INFOPLIST_FILE = OnTheGo/Info.plist;
				INFOPLIST_KEY_UIApplicationSupportsIndirectInputEvents = YES;
				INFOPLIST_KEY_UILaunchStoryboardName = LaunchScreen;
				INFOPLIST_KEY_UIMainStoryboardFile = Main;
				INFOPLIST_KEY_UISupportedInterfaceOrientations_iPad = "UIInterfaceOrientationPortrait UIInterfaceOrientationPortraitUpsideDown UIInterfaceOrientationLandscapeLeft UIInterfaceOrientationLandscapeRight";
				INFOPLIST_KEY_UISupportedInterfaceOrientations_iPhone = "UIInterfaceOrientationPortrait UIInterfaceOrientationLandscapeLeft UIInterfaceOrientationLandscapeRight";
				LD_RUNPATH_SEARCH_PATHS = (
					"$(inherited)",
					"@executable_path/Frameworks",
				);
				MARKETING_VERSION = 1.0;
				PRODUCT_BUNDLE_IDENTIFIER = com.lugtheslug.OnTheGo;
				PRODUCT_NAME = "$(TARGET_NAME)";
				SWIFT_EMIT_LOC_STRINGS = YES;
				SWIFT_VERSION = 5.0;
				TARGETED_DEVICE_FAMILY = "1,2";
			};
			name = Release;
		};
/* End XCBuildConfiguration section */

/* Begin XCConfigurationList section */
		70512C9D29343ED4005072EC /* Build configuration list for PBXProject "OnTheGo" */ = {
			isa = XCConfigurationList;
			buildConfigurations = (
				70512CB429343ED5005072EC /* Debug */,
				70512CB529343ED5005072EC /* Release */,
			);
			defaultConfigurationIsVisible = 0;
			defaultConfigurationName = Release;
		};
		70512CB629343ED5005072EC /* Build configuration list for PBXNativeTarget "OnTheGo" */ = {
			isa = XCConfigurationList;
			buildConfigurations = (
				70512CB729343ED5005072EC /* Debug */,
				70512CB829343ED5005072EC /* Release */,
			);
			defaultConfigurationIsVisible = 0;
			defaultConfigurationName = Release;
		};
/* End XCConfigurationList section */
	};
	rootObject = 70512C9A29343ED4005072EC /* Project object */;
}
