// !$*UTF8*$!
{
	archiveVersion = 1;
	classes = {
	};
	objectVersion = 56;
	objects = {

/* Begin PBXBuildFile section */
		D570309F2950E5F200000D3D /* AppDelegate.swift in Sources */ = {isa = PBXBuildFile; fileRef = D570309E2950E5F200000D3D /* AppDelegate.swift */; };
		D57030A12950E5F200000D3D /* SceneDelegate.swift in Sources */ = {isa = PBXBuildFile; fileRef = D57030A02950E5F200000D3D /* SceneDelegate.swift */; };
		D57030A32950E5F200000D3D /* MapVC.swift in Sources */ = {isa = PBXBuildFile; fileRef = D57030A22950E5F200000D3D /* MapVC.swift */; };
		D57030A82950E5F400000D3D /* Assets.xcassets in Resources */ = {isa = PBXBuildFile; fileRef = D57030A72950E5F400000D3D /* Assets.xcassets */; };
		D57030AB2950E5F400000D3D /* LaunchScreen.storyboard in Resources */ = {isa = PBXBuildFile; fileRef = D57030A92950E5F400000D3D /* LaunchScreen.storyboard */; };
		D57030B72950F1AC00000D3D /* SelfUserMapAvatarView.swift in Sources */ = {isa = PBXBuildFile; fileRef = D57030B62950F1AC00000D3D /* SelfUserMapAvatarView.swift */; };
		D57030B92951109100000D3D /* UIView+Extension.swift in Sources */ = {isa = PBXBuildFile; fileRef = D57030B82951109100000D3D /* UIView+Extension.swift */; };
		D57030BB29526BD800000D3D /* PinnedUserView.swift in Sources */ = {isa = PBXBuildFile; fileRef = D57030BA29526BD800000D3D /* PinnedUserView.swift */; };
/* End PBXBuildFile section */

/* Begin PBXFileReference section */
		D570309B2950E5F200000D3D /* map-pinned-user.app */ = {isa = PBXFileReference; explicitFileType = wrapper.application; includeInIndex = 0; path = "map-pinned-user.app"; sourceTree = BUILT_PRODUCTS_DIR; };
		D570309E2950E5F200000D3D /* AppDelegate.swift */ = {isa = PBXFileReference; lastKnownFileType = sourcecode.swift; path = AppDelegate.swift; sourceTree = "<group>"; };
		D57030A02950E5F200000D3D /* SceneDelegate.swift */ = {isa = PBXFileReference; lastKnownFileType = sourcecode.swift; path = SceneDelegate.swift; sourceTree = "<group>"; };
		D57030A22950E5F200000D3D /* MapVC.swift */ = {isa = PBXFileReference; lastKnownFileType = sourcecode.swift; path = MapVC.swift; sourceTree = "<group>"; };
		D57030A72950E5F400000D3D /* Assets.xcassets */ = {isa = PBXFileReference; lastKnownFileType = folder.assetcatalog; path = Assets.xcassets; sourceTree = "<group>"; };
		D57030AA2950E5F400000D3D /* Base */ = {isa = PBXFileReference; lastKnownFileType = file.storyboard; name = Base; path = Base.lproj/LaunchScreen.storyboard; sourceTree = "<group>"; };
		D57030AC2950E5F400000D3D /* Info.plist */ = {isa = PBXFileReference; lastKnownFileType = text.plist.xml; path = Info.plist; sourceTree = "<group>"; };
		D57030B62950F1AC00000D3D /* SelfUserMapAvatarView.swift */ = {isa = PBXFileReference; lastKnownFileType = sourcecode.swift; path = SelfUserMapAvatarView.swift; sourceTree = "<group>"; };
		D57030B82951109100000D3D /* UIView+Extension.swift */ = {isa = PBXFileReference; lastKnownFileType = sourcecode.swift; path = "UIView+Extension.swift"; sourceTree = "<group>"; };
		D57030BA29526BD800000D3D /* PinnedUserView.swift */ = {isa = PBXFileReference; lastKnownFileType = sourcecode.swift; path = PinnedUserView.swift; sourceTree = "<group>"; };
/* End PBXFileReference section */

/* Begin PBXFrameworksBuildPhase section */
		D57030982950E5F200000D3D /* Frameworks */ = {
			isa = PBXFrameworksBuildPhase;
			buildActionMask = 2147483647;
			files = (
			);
			runOnlyForDeploymentPostprocessing = 0;
		};
/* End PBXFrameworksBuildPhase section */

/* Begin PBXGroup section */
		D57030922950E5F200000D3D = {
			isa = PBXGroup;
			children = (
				D570309D2950E5F200000D3D /* map-pinned-user */,
				D570309C2950E5F200000D3D /* Products */,
			);
			sourceTree = "<group>";
		};
		D570309C2950E5F200000D3D /* Products */ = {
			isa = PBXGroup;
			children = (
				D570309B2950E5F200000D3D /* map-pinned-user.app */,
			);
			name = Products;
			sourceTree = "<group>";
		};
		D570309D2950E5F200000D3D /* map-pinned-user */ = {
			isa = PBXGroup;
			children = (
				D570309E2950E5F200000D3D /* AppDelegate.swift */,
				D57030A02950E5F200000D3D /* SceneDelegate.swift */,
				D57030A22950E5F200000D3D /* MapVC.swift */,
				D57030B62950F1AC00000D3D /* SelfUserMapAvatarView.swift */,
				D57030BA29526BD800000D3D /* PinnedUserView.swift */,
				D57030B82951109100000D3D /* UIView+Extension.swift */,
				D57030A72950E5F400000D3D /* Assets.xcassets */,
				D57030A92950E5F400000D3D /* LaunchScreen.storyboard */,
				D57030AC2950E5F400000D3D /* Info.plist */,
			);
			path = "map-pinned-user";
			sourceTree = "<group>";
		};
/* End PBXGroup section */

/* Begin PBXNativeTarget section */
		D570309A2950E5F200000D3D /* map-pinned-user */ = {
			isa = PBXNativeTarget;
			buildConfigurationList = D57030AF2950E5F400000D3D /* Build configuration list for PBXNativeTarget "map-pinned-user" */;
			buildPhases = (
				D57030972950E5F200000D3D /* Sources */,
				D57030982950E5F200000D3D /* Frameworks */,
				D57030992950E5F200000D3D /* Resources */,
			);
			buildRules = (
			);
			dependencies = (
			);
			name = "map-pinned-user";
			productName = "map-pinned-user";
			productReference = D570309B2950E5F200000D3D /* map-pinned-user.app */;
			productType = "com.apple.product-type.application";
		};
/* End PBXNativeTarget section */

/* Begin PBXProject section */
		D57030932950E5F200000D3D /* Project object */ = {
			isa = PBXProject;
			attributes = {
				BuildIndependentTargetsInParallel = 1;
				LastSwiftUpdateCheck = 1420;
				LastUpgradeCheck = 1420;
				TargetAttributes = {
					D570309A2950E5F200000D3D = {
						CreatedOnToolsVersion = 14.2;
					};
				};
			};
			buildConfigurationList = D57030962950E5F200000D3D /* Build configuration list for PBXProject "map-pinned-user" */;
			compatibilityVersion = "Xcode 14.0";
			developmentRegion = en;
			hasScannedForEncodings = 0;
			knownRegions = (
				en,
				Base,
			);
			mainGroup = D57030922950E5F200000D3D;
			productRefGroup = D570309C2950E5F200000D3D /* Products */;
			projectDirPath = "";
			projectRoot = "";
			targets = (
				D570309A2950E5F200000D3D /* map-pinned-user */,
			);
		};
/* End PBXProject section */

/* Begin PBXResourcesBuildPhase section */
		D57030992950E5F200000D3D /* Resources */ = {
			isa = PBXResourcesBuildPhase;
			buildActionMask = 2147483647;
			files = (
				D57030AB2950E5F400000D3D /* LaunchScreen.storyboard in Resources */,
				D57030A82950E5F400000D3D /* Assets.xcassets in Resources */,
			);
			runOnlyForDeploymentPostprocessing = 0;
		};
/* End PBXResourcesBuildPhase section */

/* Begin PBXSourcesBuildPhase section */
		D57030972950E5F200000D3D /* Sources */ = {
			isa = PBXSourcesBuildPhase;
			buildActionMask = 2147483647;
			files = (
				D57030A32950E5F200000D3D /* MapVC.swift in Sources */,
				D57030BB29526BD800000D3D /* PinnedUserView.swift in Sources */,
				D570309F2950E5F200000D3D /* AppDelegate.swift in Sources */,
				D57030A12950E5F200000D3D /* SceneDelegate.swift in Sources */,
				D57030B92951109100000D3D /* UIView+Extension.swift in Sources */,
				D57030B72950F1AC00000D3D /* SelfUserMapAvatarView.swift in Sources */,
			);
			runOnlyForDeploymentPostprocessing = 0;
		};
/* End PBXSourcesBuildPhase section */

/* Begin PBXVariantGroup section */
		D57030A92950E5F400000D3D /* LaunchScreen.storyboard */ = {
			isa = PBXVariantGroup;
			children = (
				D57030AA2950E5F400000D3D /* Base */,
			);
			name = LaunchScreen.storyboard;
			sourceTree = "<group>";
		};
/* End PBXVariantGroup section */

/* Begin XCBuildConfiguration section */
		D57030AD2950E5F400000D3D /* Debug */ = {
			isa = XCBuildConfiguration;
			buildSettings = {
				ALWAYS_SEARCH_USER_PATHS = NO;
				CLANG_ANALYZER_NONNULL = YES;
				CLANG_ANALYZER_NUMBER_OBJECT_CONVERSION = YES_AGGRESSIVE;
				CLANG_CXX_LANGUAGE_STANDARD = "gnu++20";
				CLANG_ENABLE_MODULES = YES;
				CLANG_ENABLE_OBJC_ARC = YES;
				CLANG_ENABLE_OBJC_WEAK = YES;
				CLANG_WARN_BLOCK_CAPTURE_AUTORELEASING = YES;
				CLANG_WARN_BOOL_CONVERSION = YES;
				CLANG_WARN_COMMA = YES;
				CLANG_WARN_CONSTANT_CONVERSION = YES;
				CLANG_WARN_DEPRECATED_OBJC_IMPLEMENTATIONS = YES;
				CLANG_WARN_DIRECT_OBJC_ISA_USAGE = YES_ERROR;
				CLANG_WARN_DOCUMENTATION_COMMENTS = YES;
				CLANG_WARN_EMPTY_BODY = YES;
				CLANG_WARN_ENUM_CONVERSION = YES;
				CLANG_WARN_INFINITE_RECURSION = YES;
				CLANG_WARN_INT_CONVERSION = YES;
				CLANG_WARN_NON_LITERAL_NULL_CONVERSION = YES;
				CLANG_WARN_OBJC_IMPLICIT_RETAIN_SELF = YES;
				CLANG_WARN_OBJC_LITERAL_CONVERSION = YES;
				CLANG_WARN_OBJC_ROOT_CLASS = YES_ERROR;
				CLANG_WARN_QUOTED_INCLUDE_IN_FRAMEWORK_HEADER = YES;
				CLANG_WARN_RANGE_LOOP_ANALYSIS = YES;
				CLANG_WARN_STRICT_PROTOTYPES = YES;
				CLANG_WARN_SUSPICIOUS_MOVE = YES;
				CLANG_WARN_UNGUARDED_AVAILABILITY = YES_AGGRESSIVE;
				CLANG_WARN_UNREACHABLE_CODE = YES;
				CLANG_WARN__DUPLICATE_METHOD_MATCH = YES;
				COPY_PHASE_STRIP = NO;
				DEBUG_INFORMATION_FORMAT = dwarf;
				ENABLE_STRICT_OBJC_MSGSEND = YES;
				ENABLE_TESTABILITY = YES;
				GCC_C_LANGUAGE_STANDARD = gnu11;
				GCC_DYNAMIC_NO_PIC = NO;
				GCC_NO_COMMON_BLOCKS = YES;
				GCC_OPTIMIZATION_LEVEL = 0;
				GCC_PREPROCESSOR_DEFINITIONS = (
					"DEBUG=1",
					"$(inherited)",
				);
				GCC_WARN_64_TO_32_BIT_CONVERSION = YES;
				GCC_WARN_ABOUT_RETURN_TYPE = YES_ERROR;
				GCC_WARN_UNDECLARED_SELECTOR = YES;
				GCC_WARN_UNINITIALIZED_AUTOS = YES_AGGRESSIVE;
				GCC_WARN_UNUSED_FUNCTION = YES;
				GCC_WARN_UNUSED_VARIABLE = YES;
				IPHONEOS_DEPLOYMENT_TARGET = 16.2;
				MTL_ENABLE_DEBUG_INFO = INCLUDE_SOURCE;
				MTL_FAST_MATH = YES;
				ONLY_ACTIVE_ARCH = YES;
				SDKROOT = iphoneos;
				SWIFT_ACTIVE_COMPILATION_CONDITIONS = DEBUG;
				SWIFT_OPTIMIZATION_LEVEL = "-Onone";
			};
			name = Debug;
		};
		D57030AE2950E5F400000D3D /* Release */ = {
			isa = XCBuildConfiguration;
			buildSettings = {
				ALWAYS_SEARCH_USER_PATHS = NO;
				CLANG_ANALYZER_NONNULL = YES;
				CLANG_ANALYZER_NUMBER_OBJECT_CONVERSION = YES_AGGRESSIVE;
				CLANG_CXX_LANGUAGE_STANDARD = "gnu++20";
				CLANG_ENABLE_MODULES = YES;
				CLANG_ENABLE_OBJC_ARC = YES;
				CLANG_ENABLE_OBJC_WEAK = YES;
				CLANG_WARN_BLOCK_CAPTURE_AUTORELEASING = YES;
				CLANG_WARN_BOOL_CONVERSION = YES;
				CLANG_WARN_COMMA = YES;
				CLANG_WARN_CONSTANT_CONVERSION = YES;
				CLANG_WARN_DEPRECATED_OBJC_IMPLEMENTATIONS = YES;
				CLANG_WARN_DIRECT_OBJC_ISA_USAGE = YES_ERROR;
				CLANG_WARN_DOCUMENTATION_COMMENTS = YES;
				CLANG_WARN_EMPTY_BODY = YES;
				CLANG_WARN_ENUM_CONVERSION = YES;
				CLANG_WARN_INFINITE_RECURSION = YES;
				CLANG_WARN_INT_CONVERSION = YES;
				CLANG_WARN_NON_LITERAL_NULL_CONVERSION = YES;
				CLANG_WARN_OBJC_IMPLICIT_RETAIN_SELF = YES;
				CLANG_WARN_OBJC_LITERAL_CONVERSION = YES;
				CLANG_WARN_OBJC_ROOT_CLASS = YES_ERROR;
				CLANG_WARN_QUOTED_INCLUDE_IN_FRAMEWORK_HEADER = YES;
				CLANG_WARN_RANGE_LOOP_ANALYSIS = YES;
				CLANG_WARN_STRICT_PROTOTYPES = YES;
				CLANG_WARN_SUSPICIOUS_MOVE = YES;
				CLANG_WARN_UNGUARDED_AVAILABILITY = YES_AGGRESSIVE;
				CLANG_WARN_UNREACHABLE_CODE = YES;
				CLANG_WARN__DUPLICATE_METHOD_MATCH = YES;
				COPY_PHASE_STRIP = NO;
				DEBUG_INFORMATION_FORMAT = "dwarf-with-dsym";
				ENABLE_NS_ASSERTIONS = NO;
				ENABLE_STRICT_OBJC_MSGSEND = YES;
				GCC_C_LANGUAGE_STANDARD = gnu11;
				GCC_NO_COMMON_BLOCKS = YES;
				GCC_WARN_64_TO_32_BIT_CONVERSION = YES;
				GCC_WARN_ABOUT_RETURN_TYPE = YES_ERROR;
				GCC_WARN_UNDECLARED_SELECTOR = YES;
				GCC_WARN_UNINITIALIZED_AUTOS = YES_AGGRESSIVE;
				GCC_WARN_UNUSED_FUNCTION = YES;
				GCC_WARN_UNUSED_VARIABLE = YES;
				IPHONEOS_DEPLOYMENT_TARGET = 16.2;
				MTL_ENABLE_DEBUG_INFO = NO;
				MTL_FAST_MATH = YES;
				SDKROOT = iphoneos;
				SWIFT_COMPILATION_MODE = wholemodule;
				SWIFT_OPTIMIZATION_LEVEL = "-O";
				VALIDATE_PRODUCT = YES;
			};
			name = Release;
		};
		D57030B02950E5F400000D3D /* Debug */ = {
			isa = XCBuildConfiguration;
			buildSettings = {
				ASSETCATALOG_COMPILER_APPICON_NAME = AppIcon;
				ASSETCATALOG_COMPILER_GLOBAL_ACCENT_COLOR_NAME = AccentColor;
				CODE_SIGN_STYLE = Automatic;
				CURRENT_PROJECT_VERSION = 1;
				DEVELOPMENT_TEAM = S28M6555LX;
				GENERATE_INFOPLIST_FILE = YES;
				INFOPLIST_FILE = "map-pinned-user/Info.plist";
				INFOPLIST_KEY_UIApplicationSupportsIndirectInputEvents = YES;
				INFOPLIST_KEY_UILaunchStoryboardName = LaunchScreen;
				INFOPLIST_KEY_UIMainStoryboardFile = "";
				INFOPLIST_KEY_UISupportedInterfaceOrientations_iPad = "UIInterfaceOrientationPortrait UIInterfaceOrientationPortraitUpsideDown UIInterfaceOrientationLandscapeLeft UIInterfaceOrientationLandscapeRight";
				INFOPLIST_KEY_UISupportedInterfaceOrientations_iPhone = "UIInterfaceOrientationPortrait UIInterfaceOrientationLandscapeLeft UIInterfaceOrientationLandscapeRight";
				IPHONEOS_DEPLOYMENT_TARGET = 14.0;
				LD_RUNPATH_SEARCH_PATHS = (
					"$(inherited)",
					"@executable_path/Frameworks",
				);
				MARKETING_VERSION = 1.0;
				PRODUCT_BUNDLE_IDENTIFIER = "luggy.map-pinned-user";
				PRODUCT_NAME = "$(TARGET_NAME)";
				SWIFT_EMIT_LOC_STRINGS = YES;
				SWIFT_VERSION = 5.0;
				TARGETED_DEVICE_FAMILY = "1,2";
			};
			name = Debug;
		};
		D57030B12950E5F400000D3D /* Release */ = {
			isa = XCBuildConfiguration;
			buildSettings = {
				ASSETCATALOG_COMPILER_APPICON_NAME = AppIcon;
				ASSETCATALOG_COMPILER_GLOBAL_ACCENT_COLOR_NAME = AccentColor;
				CODE_SIGN_STYLE = Automatic;
				CURRENT_PROJECT_VERSION = 1;
				DEVELOPMENT_TEAM = S28M6555LX;
				GENERATE_INFOPLIST_FILE = YES;
				INFOPLIST_FILE = "map-pinned-user/Info.plist";
				INFOPLIST_KEY_UIApplicationSupportsIndirectInputEvents = YES;
				INFOPLIST_KEY_UILaunchStoryboardName = LaunchScreen;
				INFOPLIST_KEY_UIMainStoryboardFile = "";
				INFOPLIST_KEY_UISupportedInterfaceOrientations_iPad = "UIInterfaceOrientationPortrait UIInterfaceOrientationPortraitUpsideDown UIInterfaceOrientationLandscapeLeft UIInterfaceOrientationLandscapeRight";
				INFOPLIST_KEY_UISupportedInterfaceOrientations_iPhone = "UIInterfaceOrientationPortrait UIInterfaceOrientationLandscapeLeft UIInterfaceOrientationLandscapeRight";
				IPHONEOS_DEPLOYMENT_TARGET = 14.0;
				LD_RUNPATH_SEARCH_PATHS = (
					"$(inherited)",
					"@executable_path/Frameworks",
				);
				MARKETING_VERSION = 1.0;
				PRODUCT_BUNDLE_IDENTIFIER = "luggy.map-pinned-user";
				PRODUCT_NAME = "$(TARGET_NAME)";
				SWIFT_EMIT_LOC_STRINGS = YES;
				SWIFT_VERSION = 5.0;
				TARGETED_DEVICE_FAMILY = "1,2";
			};
			name = Release;
		};
/* End XCBuildConfiguration section */

/* Begin XCConfigurationList section */
		D57030962950E5F200000D3D /* Build configuration list for PBXProject "map-pinned-user" */ = {
			isa = XCConfigurationList;
			buildConfigurations = (
				D57030AD2950E5F400000D3D /* Debug */,
				D57030AE2950E5F400000D3D /* Release */,
			);
			defaultConfigurationIsVisible = 0;
			defaultConfigurationName = Release;
		};
		D57030AF2950E5F400000D3D /* Build configuration list for PBXNativeTarget "map-pinned-user" */ = {
			isa = XCConfigurationList;
			buildConfigurations = (
				D57030B02950E5F400000D3D /* Debug */,
				D57030B12950E5F400000D3D /* Release */,
			);
			defaultConfigurationIsVisible = 0;
			defaultConfigurationName = Release;
		};
/* End XCConfigurationList section */
	};
	rootObject = D57030932950E5F200000D3D /* Project object */;
}
